NeoBundleLock YankRing.vim 28854abef8fa4ebd3cb219aefcf22566997d8f65
NeoBundleLock alpaca_powertabline c9add3898f29cbbad8f57108ef73baab8fd6e21d
NeoBundleLock alpaca_tags 966932fb3f0abec35391791ac9301408fdba42df
NeoBundleLock dbext.vim d38ee2a115b17a0f6424011dc26a7d576c7e8668
NeoBundleLock easybuffer.vim 64bd1d5ae30e03c60bf3d7e93af796428fce2ff6
NeoBundleLock emmet-vim 4933347202f595db90099829bfd97df26e9cde11
NeoBundleLock errormarker.vim 722e50ffacce134a42104dc95d18eefdf0dceb07
NeoBundleLock gitv e10a8963e0ff1387e7e764f799a5bba693a739b3
NeoBundleLock neobundle.vim b8faeb84baccc335f67f59672d7323ec5d14a997
NeoBundleLock neocomplete 39661033cce39ebd013451b49809e94ade3ba08c
NeoBundleLock neomru.vim a52b644475156d397117b2e7920849fb9f1c8901
NeoBundleLock neorspec.vim a72953e2ba43c76af442ac1c9bd0d814043b6145
NeoBundleLock neosnippet 1617094a8c9df36d9a505f533b3a2efa44039412
NeoBundleLock neosnippet-snippets 7bc1674170670a4c43f7f4fc65e0e396759512ea
NeoBundleLock powerline 029d54a64a6a3e4f2a8fd36948eea4cc0d37c5ba
NeoBundleLock rails.vim 616eb6892c7fa30f1862803bf6109deb0d4e7507
NeoBundleLock switch.vim 5438c72300f9a601b28df4fffac3247cfc416fbb
NeoBundleLock syntastic 1be907716e4940d2387545e3e42b6411c9c58a6c
NeoBundleLock undotree 8ff701a5bdb8d382431eb042e4faf3320883b020
NeoBundleLock unite-rails 1509884b919f0669e07cd73eb86118dd916c3af7
NeoBundleLock unite-tag 615de75f6d3e9f1c7daea189c8106c28a002d19b
NeoBundleLock unite.vim d24ab928ba281b40cb913c17bd3190238a7f36f9
NeoBundleLock vim-auto-save 1685175183d160879ebcf231cd4c96b1b8a5a5c9
NeoBundleLock vim-colorschemes 28a989b28457e38df620e4c7ab23e224aff70efe
NeoBundleLock vim-dispatch 69fea418692f76058d5cd95f0a17ed6b0f5bbb77
NeoBundleLock vim-easymotion 0806257ca6432ac7beb75c4319dadf7f3ba9907b
NeoBundleLock vim-elixir f2c747da5edd92c8430b9f1fdfe117467cf1551e
NeoBundleLock vim-endwise f2b664d4d492e649558dae1c3fce68a11196d7cc
NeoBundleLock vim-fugitive b319b694539017dcd789dc2c42f784a30d7b28b8
NeoBundleLock vim-gitgutter 1067294cdc379be1deb56074a093b49a8303308f
NeoBundleLock vim-go fc900686700c15b5001d2263db4547e3d2f0cc6b
NeoBundleLock vim-hybrid 23a521a8f21a2a476a98ca12291663f5c2cb33d5
NeoBundleLock vim-javascript bab4f3944fb6ef0953991ddfb6c734219c95b83a
NeoBundleLock vim-matchit ceaf496a3763f3c20bc7f50c2135df4f1775ae05
NeoBundleLock vim-rails f694d6213b2e3113ec5e45198603dd3a15373f01
NeoBundleLock vim-ref 007b0ac409100cf2b83eb7dace5c8235e3737fef
NeoBundleLock vim-ref-ri e3a2dbb71af73bf15c9c2134cc3630edc60331eb
NeoBundleLock vim-ruby dbcc2db68ee0431811eb342a986043f0f71abcc3
NeoBundleLock vim-scala 71ada50fc5e2b3c9fdbdb75835a218d2c245efec
NeoBundleLock vim-tomorrow-theme 23a521a8f21a2a476a98ca12291663f5c2cb33d5
NeoBundleLock vimproc 9b9a684fdc034a899cfefa7b93ab881f550975e8
