NeoBundleLock YankRing.vim a884f3a161fa3cd8c996eb53a3d1c68631f60c21
NeoBundleLock alpaca_powertabline c9add3898f29cbbad8f57108ef73baab8fd6e21d
NeoBundleLock alpaca_tags fa0c84df912a4ef4d8c53b4d9327f12d49f4b186
NeoBundleLock dbext.vim d44fd5cca10c466c0eb3d6f7b18c4b13f5bf24d7
NeoBundleLock easybuffer.vim 64bd1d5ae30e03c60bf3d7e93af796428fce2ff6
NeoBundleLock emmet-vim 4b17969f5a812e8f92ed432a63cd2d8db18957e0
NeoBundleLock errormarker.vim 722e50ffacce134a42104dc95d18eefdf0dceb07
NeoBundleLock gitv 4ad120baf5e8124b41d00fc731d1ebe5095d9576
NeoBundleLock neobundle.vim b9ce3904b44af0907c3621a172a0ee5c31a5556f
NeoBundleLock neocomplete a6e4dfc40ab0acbcc99e88f57f464dfe0e790682
NeoBundleLock neomru.vim e562f157565a2190f487088b5fdd95a4663adf03
NeoBundleLock neorspec.vim a72953e2ba43c76af442ac1c9bd0d814043b6145
NeoBundleLock neosnippet 23327c4379b45798fb5b3e644adb77208c8ce68d
NeoBundleLock neosnippet-snippets 72d841f0f225041addcb758acdea91b06fb864b5
NeoBundleLock nerdtree f8fd2ecce20f5005e6313ce57d6d2a209890c946
NeoBundleLock open-browser.vim 34f999c808f2bf8ab89acb8d130ff44ab0df2f91
NeoBundleLock powerline 7139021c4519a54fb8eee77d2bd1931347dc45b6
NeoBundleLock powerline-fontpatcher 18a788b8ec1822095813b73b0582a096320ff714
NeoBundleLock rails.vim 616eb6892c7fa30f1862803bf6109deb0d4e7507
NeoBundleLock switch.vim 4e8bf429613e85c568c382c0612ef32e4c0eaa28
NeoBundleLock syntastic 67ffe58818930e95163ead541a2700cec41c13f7
NeoBundleLock undotree 88e4a9bc2f7916f24441faf884853a01ba11d294
NeoBundleLock unite-rails e173c8ec28c18744a0b778ef78b600ce8759914f
NeoBundleLock unite-tag ce5d535025560a8ba890f6c9e9e8e386db40a6f2
NeoBundleLock unite.vim bc48c2b00d457437585bc1d12f006bdeef7f9a3d
NeoBundleLock vim-auto-save c3d06afb578a17c5512e634e7c33bb6a7bfc9a7c
NeoBundleLock vim-browsereload-mac b73cc98c18c28869ed99562f6a3c142cb2906029
NeoBundleLock vim-colorschemes 81c6dd7ce3169e5ad9ba92422ba6e1ce5b074e36
NeoBundleLock vim-css3-syntax d6b86507f70fd183a37682a90dc48b9ffc63c093
NeoBundleLock vim-dispatch 71499a6438a65d9aa6224a2388165321831ae2d8
NeoBundleLock vim-easymotion 868cd71710a48e8ec8acffeabd1eebfb10812c77
NeoBundleLock vim-endwise f2b664d4d492e649558dae1c3fce68a11196d7cc
NeoBundleLock vim-fugitive 0374322ba5d85ae44dd9dc44ef31ca015a59097e
NeoBundleLock vim-gitgutter 39f011909620e0c7ae555efdace20c3963ac88af
NeoBundleLock vim-go de3aeea5fd3697401e1a2dee0e839da7d3fb5ced
NeoBundleLock vim-hybrid a7a4915926f0695a13749000b5f1e5bc770ef44d
NeoBundleLock vim-javascript f8122fd1caca68b2592553e43dad45b3dc445a06
NeoBundleLock vim-matchit ceaf496a3763f3c20bc7f50c2135df4f1775ae05
NeoBundleLock vim-rails 075a0100b88489215aaeb4280143ce8a5e8ebc7b
NeoBundleLock vim-ref 63cef8fe51e597f0b0475b654961cef01feabd93
NeoBundleLock vim-ref-ri e3a2dbb71af73bf15c9c2134cc3630edc60331eb
NeoBundleLock vim-ruby 5e429a504f016c86a8989be2554239d175e366e9
NeoBundleLock vim-scala 71ada50fc5e2b3c9fdbdb75835a218d2c245efec
NeoBundleLock vim-tomorrow-theme a7a4915926f0695a13749000b5f1e5bc770ef44d
NeoBundleLock vimproc 41eea46cf5b8418db6dc5c5a760a4cead31d1370
NeoBundleLock webapi-vim a7789abffe936db56e3152e23733847f94755753
